# This file is autogenerated, do not edit; changes may be undone by the next 'dep ensure'.


[[projects]]
  digest = "1:735004de9322cbf1eef2dde0c350fdc4626cdd2e090e3a477f0b7510efcdd778"
  name = "cloud.google.com/go"
  packages = [
    "bigquery",
    "civil",
    "compute/metadata",
    "internal",
    "internal/atomiccache",
    "internal/fields",
    "internal/optional",
    "internal/trace",
    "internal/version",
  ]
  pruneopts = "UT"
  revision = "c728a003b238b26cef9ab6753a5dc424b331c3ad"
  version = "v0.27.0"

[[projects]]
  branch = "master"
  digest = "1:6da51e5ec493ad2b44cb04129e2d0a068c8fb9bd6cb5739d199573558696bb94"
  name = "github.com/Azure/go-ansiterm"
  packages = [
    ".",
    "winterm",
  ]
  pruneopts = "UT"
  revision = "d6e3b3328b783f23731bc4d058875b0371ff8109"

[[projects]]
  digest = "1:f9ae348e1f793dcf9ed930ed47136a67343dbd6809c5c91391322267f4476892"
  name = "github.com/Microsoft/go-winio"
  packages = ["."]
  pruneopts = "UT"
  revision = "97e4973ce50b2ff5f09635a57e2b88a037aae829"
  version = "v0.4.11"

[[projects]]
  branch = "master"
  digest = "1:3721a10686511b80c052323423f0de17a8c06d417dbdd3b392b1578432a33aae"
  name = "github.com/Nvveen/Gotty"
  packages = ["."]
  pruneopts = "UT"
  revision = "cd527374f1e5bff4938207604a14f2e38a9cf512"

[[projects]]
  digest = "1:320e7ead93de9fd2b0e59b50fd92a4d50c1f8ab455d96bc2eb083267453a9709"
  name = "github.com/asaskevich/govalidator"
  packages = ["."]
  pruneopts = "UT"
  revision = "ccb8e960c48f04d6935e72476ae4a51028f9e22f"
  version = "v9"

[[projects]]
  branch = "master"
  digest = "1:d6afaeed1502aa28e80a4ed0981d570ad91b2579193404256ce672ed0a609e0d"
  name = "github.com/beorn7/perks"
  packages = ["quantile"]
  pruneopts = "UT"
  revision = "3a771d992973f24aa725d07868b467d1ddfceafb"

[[projects]]
  digest = "1:166438587ed45ac211dab8a3ecebf4fa0c186d0db63430fb9127bbc2e5fcdc67"
  name = "github.com/cenkalti/backoff"
  packages = ["."]
  pruneopts = "UT"
  revision = "1e4cf3da559842a91afcb6ea6141451e6c30c618"
  version = "v2.1.1"

[[projects]]
  digest = "1:ef214866cabb3c7e2a0dc935682a19e6c35f96e90fb306d6f775d4f1d4a3910a"
  name = "github.com/cloudflare/cfssl"
  packages = [
    "api",
    "auth",
    "certdb",
    "config",
    "crypto/pkcs7",
    "csr",
    "errors",
    "helpers",
    "helpers/derhelpers",
    "info",
    "log",
    "ocsp/config",
    "signer",
  ]
  pruneopts = "UT"
  revision = "5d63dbd981b5c408effbb58c442d54761ff94fbd"
  version = "1.3.2"

[[projects]]
  branch = "master"
  digest = "1:e48c63e818c67fbf3d7afe20bba33134ab1a5bf384847385384fd027652a5a96"
  name = "github.com/containerd/continuity"
  packages = ["pathdriver"]
  pruneopts = "UT"
  revision = "004b46473808b3e7a4a3049c20e4376c91eb966d"

[[projects]]
  digest = "1:ffe9824d294da03b391f44e1ae8281281b4afc1bdaa9588c9097785e3af10cec"
  name = "github.com/davecgh/go-spew"
  packages = ["spew"]
  pruneopts = "UT"
  revision = "8991bc29aa16c548c550c7ff78260e27b9ab7c73"
  version = "v1.1.1"

[[projects]]
  digest = "1:76dc72490af7174349349838f2fe118996381b31ea83243812a97e5a0fd5ed55"
  name = "github.com/dgrijalva/jwt-go"
  packages = ["."]
  pruneopts = "UT"
  revision = "06ea1031745cb8b3dab3f6a236daf2b0aa468b7e"
  version = "v3.2.0"

[[projects]]
  branch = "master"
  digest = "1:afbcb11d207713a2841396e4c7857e2a84d0febf336953b5b18c50c264cc3aa1"
  name = "github.com/docker/docker"
  packages = [
    "api/types",
    "api/types/blkiodev",
    "api/types/container",
    "api/types/filters",
    "api/types/mount",
    "api/types/network",
    "api/types/registry",
    "api/types/strslice",
    "api/types/swarm",
    "api/types/swarm/runtime",
    "api/types/versions",
    "errdefs",
    "opts",
    "pkg/fileutils",
    "pkg/homedir",
    "pkg/idtools",
    "pkg/ioutils",
    "pkg/longpath",
    "pkg/mount",
    "pkg/pools",
    "pkg/stdcopy",
    "pkg/system",
  ]
  pruneopts = "UT"
  revision = "680095405094e61218bdfaa8d53c1f70e00f5113"

[[projects]]
  digest = "1:87dcb59127512b84097086504c16595cf8fef35b9e0bfca565dfc06e198158d7"
  name = "github.com/docker/go-connections"
  packages = ["nat"]
  pruneopts = "UT"
  revision = "3ede32e2033de7505e6500d6c868c2b9ed9f169d"
  version = "v0.3.0"

[[projects]]
  digest = "1:6f82cacd0af5921e99bf3f46748705239b36489464f4529a1589bc895764fb18"
  name = "github.com/docker/go-units"
  packages = ["."]
  pruneopts = "UT"
  revision = "47565b4f722fb6ceae66b95f853feed578a4a51c"
  version = "v0.3.3"

[[projects]]
  branch = "master"
  digest = "1:3b4afe788202e2911355e54c30323ec56617c52015fcdff23380058f4cee8540"
  name = "github.com/docker/libnetwork"
  packages = ["ipamutils"]
  pruneopts = "UT"
  revision = "d8d4c8cf03d7d036a76d5470553cd8753e522a99"

[[projects]]
  digest = "1:abeb38ade3f32a92943e5be54f55ed6d6e3b6602761d74b4aab4c9dd45c18abd"
  name = "github.com/fsnotify/fsnotify"
  packages = ["."]
  pruneopts = "UT"
  revision = "c2828203cd70a50dcccfb2761f8b1f8ceef9a8e9"
  version = "v1.4.7"

[[projects]]
  digest = "1:730879a0d2bfbe16e6d36c4e57e308e46babe0453f013be71d98f09fda5d1cf5"
  name = "github.com/fsouza/go-dockerclient"
  packages = [
    ".",
    "internal/archive",
    "internal/jsonmessage",
    "internal/term",
  ]
  pruneopts = "UT"
  revision = "1b33efcb40bef3494af8bc6a1f73600f37a3c9d1"
  version = "v1.3.0"

[[projects]]
  digest = "1:45c7c0667bf96bfa8ec26b162b4956cf4b51701950c2607797ceac1b1cb0a83e"
  name = "github.com/go-kit/kit"
  packages = [
    "endpoint",
    "log",
    "metrics",
    "metrics/internal/lv",
    "metrics/internal/ratemap",
    "metrics/prometheus",
    "metrics/statsd",
    "transport/grpc",
    "transport/http",
    "util/conn",
  ]
  pruneopts = "UT"
  revision = "4dc7be5d2d12881735283bcab7352178e190fc71"
  version = "v0.6.0"

[[projects]]
  digest = "1:4062bc6de62d73e2be342243cf138cf499b34d558876db8d9430e2149388a4d8"
  name = "github.com/go-logfmt/logfmt"
  packages = ["."]
  pruneopts = "UT"
  revision = "07c9b44f60d7ffdfb7d8efe1ad539965737836dc"
  version = "v0.4.0"

[[projects]]
  digest = "1:586ea76dbd0374d6fb649a91d70d652b7fe0ccffb8910a77468e7702e7901f3d"
  name = "github.com/go-stack/stack"
  packages = ["."]
  pruneopts = "UT"
  revision = "2fee6af1a9795aafbe0253a0cfbdf668e1fb8a9a"
  version = "v1.8.0"

[[projects]]
  digest = "1:dfd23eda927dab5caedd1a2efe94a1d4f00558424aab2296fc83640354fa7aa0"
  name = "github.com/go-zoo/bone"
  packages = ["."]
  pruneopts = "UT"
  revision = "d7ce1372afa7a4319e9b84ab08593d1342a8c10a"
  version = "1.3"

[[projects]]
  digest = "1:d059a146ab350e553c2687d3e17f198eb5b27c7cf55fe6ba0e2d21349df63388"
  name = "github.com/gogo/protobuf"
  packages = ["proto"]
  pruneopts = "UT"
  revision = "4cbf7e384e768b4e01799441fdf2a706a5635ae7"
  version = "v1.2.0"

[[projects]]
  branch = "master"
  digest = "1:50e55a294ad37fd28b1648d8dffd827327f955b0f03fb97f67a946f0b4b07d83"
  name = "github.com/golang/mock"
  packages = ["gomock"]
  pruneopts = "UT"
  revision = "c20582278a829e4b3259747a3ce0eceb1763ee13"

[[projects]]
  digest = "1:79c410472cf0d25b71e6a6aeb6cba3bb51e4713232749ae9cc103396cdc7b9db"
  name = "github.com/golang/protobuf"
  packages = [
    "proto",
    "ptypes",
    "ptypes/any",
    "ptypes/duration",
    "ptypes/empty",
    "ptypes/timestamp",
  ]
  pruneopts = "UT"
  revision = "d23c5127dc24889085f8ccea5c9d560a57a879d8"
  version = "v1.3.3"

[[projects]]
  digest = "1:fabe4bb8fadac9fd769267f14316ed84a86cd49e722c5e65f4881ae0082bf76f"
  name = "github.com/google/certificate-transparency-go"
  packages = [
    ".",
    "asn1",
    "tls",
    "x509",
    "x509/pkix",
  ]
  pruneopts = "UT"
  revision = "5ab67e519c93568ac3ee50fd6772a5bcf8aa460d"

[[projects]]
  digest = "1:cd9864c6366515827a759931746738ede6079faa08df9c584596370d6add135c"
  name = "github.com/googleapis/gax-go"
  packages = [
    ".",
    "v2",
  ]
  pruneopts = "UT"
  revision = "c8a15bac9b9fe955bd9f900272f9a306465d28cf"
  version = "v2.0.3"

[[projects]]
  digest = "1:7b5c6e2eeaa9ae5907c391a91c132abfd5c9e8a784a341b5625e750c67e6825d"
  name = "github.com/gorilla/websocket"
  packages = ["."]
  pruneopts = "UT"
  revision = "66b9c49e59c6c48f0ffce28c2d8b8a5678502c6d"
  version = "v1.4.0"

[[projects]]
  digest = "1:1168584a5881d371e96cb0e66ef6db71d7cef0856cc7f311490bc856627f8328"
  name = "github.com/grpc-ecosystem/go-grpc-middleware"
  packages = ["."]
  pruneopts = "UT"
  revision = "c250d6563d4d4c20252cd865923440e829844f4e"
  version = "v1.0.0"

[[projects]]
  digest = "1:c0d19ab64b32ce9fe5cf4ddceba78d5bc9807f0016db6b1183599da3dcc24d10"
  name = "github.com/hashicorp/hcl"
  packages = [
    ".",
    "hcl/ast",
    "hcl/parser",
    "hcl/printer",
    "hcl/scanner",
    "hcl/strconv",
    "hcl/token",
    "json/parser",
    "json/scanner",
    "json/token",
  ]
  pruneopts = "UT"
  revision = "8cb6e5b959231cc1119e43259c4a608f9c51a241"
  version = "v1.0.0"

[[projects]]
  digest = "1:048c0e13c6d3d2467f50bc73e2b6ddae2ff77e5e58e5993e7e653912543286d1"
  name = "github.com/hyperledger/fabric"
  packages = [
    "bccsp",
    "bccsp/factory",
    "bccsp/idemix",
    "bccsp/idemix/bridge",
    "bccsp/idemix/handlers",
    "bccsp/pkcs11",
    "bccsp/signer",
    "bccsp/sw",
    "bccsp/utils",
    "common/crypto",
    "common/flogging",
    "common/flogging/fabenc",
    "common/ledger",
    "common/metadata",
    "common/metrics",
    "common/util",
    "core/chaincode/platforms",
    "core/chaincode/platforms/ccmetadata",
    "core/chaincode/shim",
    "core/comm",
    "core/config",
    "core/container/util",
    "idemix",
    "msp",
    "protos/common",
    "protos/ledger/queryresult",
    "protos/ledger/rwset",
    "protos/ledger/rwset/kvrwset",
    "protos/msp",
    "protos/peer",
    "protos/token",
    "protos/utils",
  ]
  pruneopts = "UT"
  revision = "d700b43476e803c864c48021e63a78543b60e17e"
  version = "v1.4.0"

[[projects]]
  branch = "master"
  digest = "1:b1c26a7393cb28a859e794f8eb364f5bae72ad9762e301325c50c7fa43544667"
  name = "github.com/hyperledger/fabric-amcl"
  packages = [
    "amcl",
    "amcl/FP256BN",
  ]
  pruneopts = "UT"
  revision = "5ccba6eab8d6b39aa2cdd88db202bba0e25da5d7"

[[projects]]
  digest = "1:0f4305e5a43e324844412168385a23ff23dafc55369fcbbc2ea77fb974f828cc"
  name = "github.com/hyperledger/fabric-lib-go"
  packages = ["healthz"]
  pruneopts = "UT"
  revision = "90dc96fb23ab7eb18477e4bfcf9cd8ebdb7209f0"
  version = "v1.0.0"

[[projects]]
  digest = "1:ba82b739e257a214f6c8a5fb455d7103734499beadc00bc0f9675cbd8e5a9ab1"
  name = "github.com/hyperledger/fabric-sdk-go"
  packages = [
    "internal/github.com/hyperledger/fabric-ca/api",
    "internal/github.com/hyperledger/fabric-ca/lib",
    "internal/github.com/hyperledger/fabric-ca/lib/client/credential",
    "internal/github.com/hyperledger/fabric-ca/lib/client/credential/x509",
    "internal/github.com/hyperledger/fabric-ca/lib/common",
    "internal/github.com/hyperledger/fabric-ca/lib/streamer",
    "internal/github.com/hyperledger/fabric-ca/lib/tls",
    "internal/github.com/hyperledger/fabric-ca/sdkpatch/cryptosuitebridge",
    "internal/github.com/hyperledger/fabric-ca/sdkpatch/logbridge",
    "internal/github.com/hyperledger/fabric-ca/util",
    "internal/github.com/hyperledger/fabric/bccsp",
    "internal/github.com/hyperledger/fabric/bccsp/factory/sw",
    "internal/github.com/hyperledger/fabric/bccsp/signer",
    "internal/github.com/hyperledger/fabric/bccsp/sw",
    "internal/github.com/hyperledger/fabric/bccsp/utils",
    "internal/github.com/hyperledger/fabric/common/attrmgr",
    "internal/github.com/hyperledger/fabric/common/channelconfig",
    "internal/github.com/hyperledger/fabric/common/crypto",
    "internal/github.com/hyperledger/fabric/common/ledger",
    "internal/github.com/hyperledger/fabric/common/metrics",
    "internal/github.com/hyperledger/fabric/common/metrics/disabled",
    "internal/github.com/hyperledger/fabric/common/metrics/internal/namer",
    "internal/github.com/hyperledger/fabric/common/metrics/prometheus",
    "internal/github.com/hyperledger/fabric/common/metrics/statsd",
    "internal/github.com/hyperledger/fabric/common/metrics/statsd/goruntime",
    "internal/github.com/hyperledger/fabric/common/util",
    "internal/github.com/hyperledger/fabric/core/comm",
    "internal/github.com/hyperledger/fabric/core/common/privdata",
    "internal/github.com/hyperledger/fabric/core/ledger",
    "internal/github.com/hyperledger/fabric/core/middleware",
    "internal/github.com/hyperledger/fabric/core/operations",
    "internal/github.com/hyperledger/fabric/discovery/client",
    "internal/github.com/hyperledger/fabric/msp",
    "internal/github.com/hyperledger/fabric/protos/discovery",
    "internal/github.com/hyperledger/fabric/protos/gossip",
    "internal/github.com/hyperledger/fabric/protos/orderer",
    "internal/github.com/hyperledger/fabric/sdkpatch/cryptosuitebridge",
    "internal/github.com/hyperledger/fabric/sdkpatch/logbridge",
    "internal/github.com/hyperledger/fabric/sdkpatch/logbridge/httpadmin",
    "pkg/client/channel",
    "pkg/client/channel/invoke",
    "pkg/client/common/discovery",
    "pkg/client/common/discovery/dynamicdiscovery",
    "pkg/client/common/discovery/greylist",
    "pkg/client/common/discovery/staticdiscovery",
    "pkg/client/common/filter",
    "pkg/client/common/random",
    "pkg/client/common/selection/balancer",
    "pkg/client/common/selection/dynamicselection",
    "pkg/client/common/selection/dynamicselection/pgresolver",
    "pkg/client/common/selection/fabricselection",
    "pkg/client/common/selection/options",
    "pkg/client/common/selection/sorter/balancedsorter",
    "pkg/client/common/selection/sorter/blockheightsorter",
    "pkg/client/common/verifier",
    "pkg/client/msp",
    "pkg/client/resmgmt",
    "pkg/common/errors/multi",
    "pkg/common/errors/retry",
    "pkg/common/errors/status",
    "pkg/common/logging",
    "pkg/common/options",
    "pkg/common/providers/context",
    "pkg/common/providers/core",
    "pkg/common/providers/fab",
    "pkg/common/providers/msp",
    "pkg/common/providers/test/mockfab",
    "pkg/context",
    "pkg/core/config",
    "pkg/core/config/comm",
    "pkg/core/config/comm/tls",
    "pkg/core/config/cryptoutil",
    "pkg/core/config/endpoint",
    "pkg/core/config/lookup",
    "pkg/core/cryptosuite",
    "pkg/core/cryptosuite/bccsp/sw",
    "pkg/core/cryptosuite/bccsp/wrapper",
    "pkg/core/logging/api",
    "pkg/core/logging/metadata",
    "pkg/core/logging/modlog",
    "pkg/core/mocks",
    "pkg/fab",
    "pkg/fab/channel",
    "pkg/fab/channel/membership",
    "pkg/fab/chconfig",
    "pkg/fab/comm",
    "pkg/fab/discovery",
    "pkg/fab/events/api",
    "pkg/fab/events/client",
    "pkg/fab/events/client/dispatcher",
    "pkg/fab/events/client/lbp",
    "pkg/fab/events/client/peerresolver",
    "pkg/fab/events/client/peerresolver/balanced",
    "pkg/fab/events/client/peerresolver/minblockheight",
    "pkg/fab/events/client/peerresolver/preferorg",
    "pkg/fab/events/deliverclient",
    "pkg/fab/events/deliverclient/connection",
    "pkg/fab/events/deliverclient/dispatcher",
    "pkg/fab/events/deliverclient/seek",
    "pkg/fab/events/endpoint",
    "pkg/fab/events/service",
    "pkg/fab/events/service/blockfilter",
    "pkg/fab/events/service/dispatcher",
    "pkg/fab/events/service/mocks",
    "pkg/fab/keyvaluestore",
    "pkg/fab/mocks",
    "pkg/fab/orderer",
    "pkg/fab/peer",
    "pkg/fab/resource",
    "pkg/fab/signingmgr",
    "pkg/fab/txn",
    "pkg/fabsdk",
    "pkg/fabsdk/api",
    "pkg/fabsdk/factory/defcore",
    "pkg/fabsdk/factory/defmsp",
    "pkg/fabsdk/factory/defsvc",
    "pkg/fabsdk/metrics",
    "pkg/fabsdk/metrics/cfg",
    "pkg/fabsdk/provider/chpvdr",
    "pkg/fabsdk/provider/fabpvdr",
    "pkg/fabsdk/provider/msppvdr",
    "pkg/msp",
    "pkg/msp/api",
    "pkg/msp/test/mockmsp",
    "pkg/util/concurrent/futurevalue",
    "pkg/util/concurrent/lazycache",
    "pkg/util/concurrent/lazyref",
    "pkg/util/concurrent/rollingcounter",
    "pkg/util/pathvar",
    "pkg/util/test",
    "test/metadata",
    "third_party/github.com/hyperledger/fabric/core/common/ccprovider",
    "third_party/github.com/hyperledger/fabric/core/ledger/kvledger/txmgmt/rwsetutil",
    "third_party/github.com/hyperledger/fabric/core/ledger/util",
    "third_party/github.com/hyperledger/fabric/protos/common",
    "third_party/github.com/hyperledger/fabric/protos/ledger/rwset",
    "third_party/github.com/hyperledger/fabric/protos/ledger/rwset/kvrwset",
    "third_party/github.com/hyperledger/fabric/protos/msp",
    "third_party/github.com/hyperledger/fabric/protos/orderer",
    "third_party/github.com/hyperledger/fabric/protos/peer",
    "third_party/github.com/hyperledger/fabric/protos/token",
    "third_party/github.com/hyperledger/fabric/protos/utils",
  ]
  pruneopts = "UT"
  revision = "0e710cebffe5674d411a625bc103ff0e266bb5e1"
  version = "v1.0.0-alpha5"

[[projects]]
  digest = "1:6c41d4f998a03b6604227ccad36edaed6126c397e5d78709ef4814a1145a6757"
  name = "github.com/jmoiron/sqlx"
  packages = [
    ".",
    "reflectx",
  ]
  pruneopts = "UT"
  revision = "d161d7a76b5661016ad0b085869f77fd410f3e6a"
  version = "v1.2.0"

[[projects]]
  digest = "1:0a69a1c0db3591fcefb47f115b224592c8dfa4368b7ba9fae509d5e16cdc95c8"
  name = "github.com/konsorten/go-windows-terminal-sequences"
  packages = ["."]
  pruneopts = "UT"
  revision = "5c8c8bd35d3832f5d134ae1e1e375b69a4d25242"
  version = "v1.0.1"

[[projects]]
  branch = "master"
  digest = "1:a64e323dc06b73892e5bb5d040ced475c4645d456038333883f58934abbf6f72"
  name = "github.com/kr/logfmt"
  packages = ["."]
  pruneopts = "UT"
  revision = "b84e30acd515aadc4b783ad4ff83aff3299bdfe0"

[[projects]]
  digest = "1:9ff22c26414baf7deaf74f2a788fe7b97666048bcbe346c52cfe823442abbdfb"
  name = "github.com/lib/pq"
  packages = [
    ".",
    "oid",
    "scram",
  ]
  pruneopts = "UT"
  revision = "99274577be97ac9b1d95a2d61d566dc9b7cc6a54"
  version = "v1.3.0"

[[projects]]
  digest = "1:c568d7727aa262c32bdf8a3f7db83614f7af0ed661474b24588de635c20024c7"
  name = "github.com/magiconair/properties"
  packages = ["."]
  pruneopts = "UT"
  revision = "c2353362d570a7bfa228149c62842019201cfb71"
  version = "v1.8.0"

[[projects]]
  digest = "1:ff5ebae34cfbf047d505ee150de27e60570e8c394b3b8fdbb720ff6ac71985fc"
  name = "github.com/matttproud/golang_protobuf_extensions"
  packages = ["pbutil"]
  pruneopts = "UT"
  revision = "c12348ce28de40eed0136aa2b644d0ee0650e56c"
  version = "v1.0.1"

[[projects]]
  branch = "master"
  digest = "1:5ae265eb6d780f3560f0f937fa6eb1b6488c58217e632be45d0c30da2832a90e"
  name = "github.com/miekg/pkcs11"
  packages = ["."]
  pruneopts = "UT"
  revision = "79c216b7cb4d810ef51e2d89431d91f481a8a273"

[[projects]]
  branch = "master"
  digest = "1:53bc4cd4914cd7cd52139990d5170d6dc99067ae31c56530621b18b35fc30318"
  name = "github.com/mitchellh/mapstructure"
  packages = ["."]
  pruneopts = "UT"
  revision = "3536a929edddb9a5b34bd6861dc4a9647cb459fe"

[[projects]]
  branch = "master"
  digest = "1:41f3b549dbb8216e490c27926c09dc055aa509b3476e7cbc3317103990b13aeb"
  name = "github.com/op/go-logging"
  packages = ["."]
  pruneopts = "UT"
  revision = "970db520ece77730c7e4724c61121037378659d9"

[[projects]]
  digest = "1:ee4d4af67d93cc7644157882329023ce9a7bcfce956a079069a9405521c7cc8d"
  name = "github.com/opencontainers/go-digest"
  packages = ["."]
  pruneopts = "UT"
  revision = "279bed98673dd5bef374d3b6e4b09e2af76183bf"
  version = "v1.0.0-rc1"

[[projects]]
  digest = "1:11db38d694c130c800d0aefb502fb02519e514dc53d9804ce51d1ad25ec27db6"
  name = "github.com/opencontainers/image-spec"
  packages = [
    "specs-go",
    "specs-go/v1",
  ]
  pruneopts = "UT"
  revision = "d60099175f88c47cd379c4738d158884749ed235"
  version = "v1.0.1"

[[projects]]
  digest = "1:eecbbd6bfbfbe1acdad4b22c4fd530ab569df1634deef359e40d2ee4f85057f9"
  name = "github.com/opencontainers/runc"
  packages = ["libcontainer/user"]
  pruneopts = "UT"
  revision = "ccb5efd37fb7c86364786e9137e22948751de7ed"
  version = "v1.0.0-rc6"

[[projects]]
  digest = "1:7a6ab584104636b15f87c75bbfad3dfd0f60847b53af903159f354ef708bd632"
  name = "github.com/ory/dockertest"
  packages = [
    ".",
    "docker",
    "docker/opts",
    "docker/pkg/archive",
    "docker/pkg/fileutils",
    "docker/pkg/homedir",
    "docker/pkg/idtools",
    "docker/pkg/ioutils",
    "docker/pkg/jsonmessage",
    "docker/pkg/longpath",
    "docker/pkg/mount",
    "docker/pkg/pools",
    "docker/pkg/stdcopy",
    "docker/pkg/system",
    "docker/pkg/term",
    "docker/pkg/term/windows",
    "docker/types",
    "docker/types/blkiodev",
    "docker/types/container",
    "docker/types/filters",
    "docker/types/mount",
    "docker/types/network",
    "docker/types/registry",
    "docker/types/strslice",
    "docker/types/versions",
  ]
  pruneopts = "UT"
  revision = "f76851ed013cf03f376b6580c834467187bb7148"
  version = "v3.3.4"

[[projects]]
  digest = "1:95741de3af260a92cc5c7f3f3061e85273f5a81b5db20d4bd68da74bd521675e"
  name = "github.com/pelletier/go-toml"
  packages = ["."]
  pruneopts = "UT"
  revision = "c01d1270ff3e442a8a57cddc1c92dc1138598194"
  version = "v1.2.0"

[[projects]]
  digest = "1:cf31692c14422fa27c83a05292eb5cbe0fb2775972e8f1f8446a71549bd8980b"
  name = "github.com/pkg/errors"
  packages = ["."]
  pruneopts = "UT"
  revision = "ba968bfe8b2f7e042a574c888954fccecfa385b4"
  version = "v0.8.1"

[[projects]]
  digest = "1:0028cb19b2e4c3112225cd871870f2d9cf49b9b4276531f03438a88e94be86fe"
  name = "github.com/pmezard/go-difflib"
  packages = ["difflib"]
  pruneopts = "UT"
  revision = "792786c7400a136282c1664665ae0a8db921c6c2"
  version = "v1.0.0"

[[projects]]
  digest = "1:d14a5f4bfecf017cb780bdde1b6483e5deb87e12c332544d2c430eda58734bcb"
  name = "github.com/prometheus/client_golang"
  packages = [
    "prometheus",
    "prometheus/promhttp",
  ]
  pruneopts = "UT"
  revision = "c5b7fccd204277076155f10851dad72b76a49317"
  version = "v0.8.0"

[[projects]]
  branch = "master"
  digest = "1:2d5cd61daa5565187e1d96bae64dbbc6080dacf741448e9629c64fd93203b0d4"
  name = "github.com/prometheus/client_model"
  packages = ["go"]
  pruneopts = "UT"
  revision = "fd36f4220a901265f90734c3183c5f0c91daa0b8"

[[projects]]
  digest = "1:35cf6bdf68db765988baa9c4f10cc5d7dda1126a54bd62e252dbcd0b1fc8da90"
  name = "github.com/prometheus/common"
  packages = [
    "expfmt",
    "internal/bitbucket.org/ww/goautoneg",
    "model",
  ]
  pruneopts = "UT"
  revision = "cfeb6f9992ffa54aaa4f2170ade4067ee478b250"
  version = "v0.2.0"

[[projects]]
  branch = "master"
  digest = "1:5833c61ebbd625a6bad8e5a1ada2b3e13710cf3272046953a2c8915340fe60a3"
  name = "github.com/prometheus/procfs"
  packages = [
    ".",
    "internal/util",
    "nfs",
    "xfs",
  ]
  pruneopts = "UT"
  revision = "488faf799f863e27e50c516468f76ae8f1da20a5"

[[projects]]
  digest = "1:148a2475699b5ea6184020f45cca603f132a42585d215766177e98e08b8ca566"
  name = "github.com/rubenv/sql-migrate"
  packages = [
    ".",
    "sqlparse",
  ]
  pruneopts = "UT"
  revision = "64f95ea68aa39b024c83a7d0d60910dbdafcfb04"

[[projects]]
  digest = "1:274f67cb6fed9588ea2521ecdac05a6d62a8c51c074c1fccc6a49a40ba80e925"
  name = "github.com/satori/go.uuid"
  packages = ["."]
  pruneopts = "UT"
  revision = "f58768cc1a7a7e77a3bd49e98cdd21419399b6a3"
  version = "v1.2.0"

[[projects]]
  digest = "1:87c2e02fb01c27060ccc5ba7c5a407cc91147726f8f40b70cceeedbc52b1f3a8"
  name = "github.com/sirupsen/logrus"
  packages = ["."]
  pruneopts = "UT"
  revision = "e1e72e9de974bd926e5c56f83753fba2df402ce5"
  version = "v1.3.0"

[[projects]]
  digest = "1:3e39bafd6c2f4bf3c76c3bfd16a2e09e016510ad5db90dc02b88e2f565d6d595"
  name = "github.com/spf13/afero"
  packages = [
    ".",
    "mem",
  ]
  pruneopts = "UT"
  revision = "f4711e4db9e9a1d3887343acb72b2bbfc2f686f5"
  version = "v1.2.1"

[[projects]]
  digest = "1:08d65904057412fc0270fc4812a1c90c594186819243160dc779a402d4b6d0bc"
  name = "github.com/spf13/cast"
  packages = ["."]
  pruneopts = "UT"
  revision = "8c9545af88b134710ab1cd196795e7f2388358d7"
  version = "v1.3.0"

[[projects]]
  digest = "1:68ea4e23713989dc20b1bded5d9da2c5f9be14ff9885beef481848edd18c26cb"
  name = "github.com/spf13/jwalterweatherman"
  packages = ["."]
  pruneopts = "UT"
  revision = "4a4406e478ca629068e7768fc33f3f044173c0a6"
  version = "v1.0.0"

[[projects]]
  digest = "1:c1b1102241e7f645bc8e0c22ae352e8f0dc6484b6cb4d132fa9f24174e0119e2"
  name = "github.com/spf13/pflag"
  packages = ["."]
  pruneopts = "UT"
  revision = "298182f68c66c05229eb03ac171abe6e309ee79a"
  version = "v1.0.3"

[[projects]]
  branch = "master"
  digest = "1:5f6d620d0f0fa4f7d81ec56ac5c0c8e453354bddf77d3b0924cff9ab1396e841"
  name = "github.com/spf13/viper"
  packages = ["."]
  pruneopts = "UT"
  revision = "d104d259b3380cb653bb793756823c3c41b37b53"

[[projects]]
  digest = "1:99d32780e5238c2621fff621123997c3e3cca96db8be13179013aea77dfab551"
  name = "github.com/stretchr/testify"
  packages = [
    "assert",
    "require",
  ]
  pruneopts = "UT"
  revision = "221dbe5ed46703ee255b1da0dec05086f5035f62"
  version = "v1.4.0"

[[projects]]
  digest = "1:785adacba41666eb1de74447b5538476b9a9da178bd7d15ba3aeb2879ed07ed3"
  name = "go.opencensus.io"
  packages = [
    ".",
    "exemplar",
    "internal",
    "internal/tagencoding",
    "plugin/ochttp",
    "plugin/ochttp/propagation/b3",
    "stats",
    "stats/internal",
    "stats/view",
    "tag",
    "trace",
    "trace/internal",
    "trace/propagation",
    "trace/tracestate",
  ]
  pruneopts = "UT"
  revision = "2b5032d79456124f42db6b7eb19ac6c155449dc2"
  version = "v0.19.0"

[[projects]]
  digest = "1:3c1a69cdae3501bf75e76d0d86dc6f2b0a7421bc205c0cb7b96b19eed464a34d"
  name = "go.uber.org/atomic"
  packages = ["."]
  pruneopts = "UT"
  revision = "1ea20fb1cbb1cc08cbd0d913a96dead89aa18289"
  version = "v1.3.2"

[[projects]]
  digest = "1:60bf2a5e347af463c42ed31a493d817f8a72f102543060ed992754e689805d1a"
  name = "go.uber.org/multierr"
  packages = ["."]
  pruneopts = "UT"
  revision = "3c4937480c32f4c13a875a1829af76c98ca3d40a"
  version = "v1.1.0"

[[projects]]
  digest = "1:1a48a306f348a6454fbe88c77c25430de7c3427c4081735d3223aa97c302c24f"
  name = "go.uber.org/zap"
  packages = [
    ".",
    "buffer",
    "internal/bufferpool",
    "internal/color",
    "internal/exit",
    "zapcore",
    "zapgrpc",
  ]
  pruneopts = "UT"
  revision = "ff33455a0e382e8a81d14dd7c922020b6b5e7982"
  version = "v1.9.1"

[[projects]]
  branch = "master"
  digest = "1:5db42725ad149a60d73f359cbfd5cb39df69659ec25d7694471771705c6293e9"
  name = "golang.org/x/crypto"
  packages = [
    "bcrypt",
    "blowfish",
    "cryptobyte",
    "cryptobyte/asn1",
    "ocsp",
    "pkcs12",
    "pkcs12/internal/rc2",
    "sha3",
    "ssh/terminal",
  ]
  pruneopts = "UT"
  revision = "b8fe1690c61389d7d2a8074a507d1d40c5d30448"

[[projects]]
  branch = "master"
  digest = "1:9d2f08c64693fbe7177b5980f80c35672c80f12be79bb3bc86948b934d70e4ee"
  name = "golang.org/x/net"
  packages = [
    "context",
    "context/ctxhttp",
    "http/httpguts",
    "http2",
    "http2/hpack",
    "idna",
    "internal/timeseries",
    "trace",
  ]
  pruneopts = "UT"
  revision = "d26f9f9a57f3fab6a695bec0d84433c2c50f8bbf"

[[projects]]
  branch = "master"
  digest = "1:511a6232760c10dcb1ebf1ab83ef0291e2baf801f203ca6314759c5458b73a6a"
  name = "golang.org/x/oauth2"
  packages = [
    ".",
    "google",
    "internal",
    "jws",
    "jwt",
  ]
  pruneopts = "UT"
  revision = "99b60b757ec124ebb7d6b7e97f153b19c10ce163"

[[projects]]
  branch = "master"
  digest = "1:a1914323eabb0da3b4392fb0d34b1ae5b6b531323daf4eeddc355d8000982052"
  name = "golang.org/x/sys"
  packages = [
    "unix",
    "windows",
  ]
  pruneopts = "UT"
  revision = "41f3e6584952bb034a481797859f6ab34b6803bd"

[[projects]]
  digest = "1:a2ab62866c75542dd18d2b069fec854577a20211d7c0ea6ae746072a1dccdd18"
  name = "golang.org/x/text"
  packages = [
    "collate",
    "collate/build",
    "internal/colltab",
    "internal/gen",
    "internal/tag",
    "internal/triegen",
    "internal/ucd",
    "language",
    "secure/bidirule",
    "transform",
    "unicode/bidi",
    "unicode/cldr",
    "unicode/norm",
    "unicode/rangetable",
  ]
  pruneopts = "UT"
  revision = "f21a4dfb5e38f5895301dc265a8def02365cc3d0"
  version = "v0.3.0"

[[projects]]
  digest = "1:3dfec3aaa0914e1af33b6928788891d1561b914d03bfd2d524219ce3582bdb7c"
  name = "google.golang.org/api"
  packages = [
    "bigquery/v2",
    "gensupport",
    "googleapi",
    "googleapi/internal/uritemplates",
    "googleapi/transport",
    "internal",
    "iterator",
    "option",
    "transport/http",
    "transport/http/internal/propagation",
  ]
  pruneopts = "UT"
  revision = "19e022d8cf43ce81f046bae8cc18c5397cc7732f"
  version = "v0.1.0"

[[projects]]
  digest = "1:fa026a5c59bd2df343ec4a3538e6288dcf4e2ec5281d743ae82c120affe6926a"
  name = "google.golang.org/appengine"
  packages = [
    ".",
    "internal",
    "internal/app_identity",
    "internal/base",
    "internal/datastore",
    "internal/log",
    "internal/modules",
    "internal/remote_api",
    "internal/urlfetch",
    "urlfetch",
  ]
  pruneopts = "UT"
  revision = "e9657d882bb81064595ca3b56cbe2546bbabf7b1"
  version = "v1.4.0"

[[projects]]
  branch = "master"
  digest = "1:4136ec22e8bf3c8a03a97131d3a885e643f4c14288dfcdc32a6c08f556b7ed48"
  name = "google.golang.org/genproto"
  packages = [
    "googleapis/rpc/code",
    "googleapis/rpc/status",
  ]
  pruneopts = "UT"
  revision = "4b09977fb92221987e99d190c8f88f2c92727a29"

[[projects]]
  digest = "1:ab8e92d746fb5c4c18846b0879842ac8e53b3d352449423d0924a11f1020ae1b"
  name = "google.golang.org/grpc"
  packages = [
    ".",
    "balancer",
    "balancer/base",
    "balancer/roundrobin",
    "codes",
    "connectivity",
    "credentials",
    "encoding",
    "encoding/proto",
    "grpclog",
    "internal",
    "internal/backoff",
    "internal/channelz",
    "internal/envconfig",
    "internal/grpcrand",
    "internal/transport",
    "keepalive",
    "metadata",
    "naming",
    "peer",
    "resolver",
    "resolver/dns",
    "resolver/passthrough",
    "stats",
    "status",
    "tap",
  ]
  pruneopts = "UT"
  revision = "8dea3dc473e90c8179e519d91302d0597c0ca1d1"
  version = "v1.15.0"

[[projects]]
  digest = "1:1b36b0cb56126316f637ad55cfd5ed84c945fe45bd90e944666b4107a80a1da9"
  name = "gopkg.in/gorp.v1"
  packages = ["."]
  pruneopts = "UT"
  revision = "6a667da9c028871f98598d85413e3fc4c6daa52e"
  version = "v1.7.2"

[[projects]]
  branch = "v2"
  digest = "1:988de7520a09024d5d94cd99bd545afbf194893994ec759b1cda0a0bbb6adb80"
  name = "gopkg.in/mgo.v2"
  packages = [
    ".",
    "bson",
    "internal/json",
    "internal/sasl",
    "internal/scram",
  ]
  pruneopts = "UT"
  revision = "9856a29383ce1c59f308dd1cf0363a79b5bef6b5"

[[projects]]
  digest = "1:4d2e5a73dc1500038e504a8d78b986630e3626dc027bc030ba5c75da257cdb96"
  name = "gopkg.in/yaml.v2"
  packages = ["."]
  pruneopts = "UT"
  revision = "51d6538a90f86fe93ac480b35f37b2be17fef232"
  version = "v2.2.2"

[solve-meta]
  analyzer-name = "dep"
  analyzer-version = 1
  input-imports = [
    "cloud.google.com/go/bigquery",
    "github.com/asaskevich/govalidator",
    "github.com/dgrijalva/jwt-go",
    "github.com/go-kit/kit/endpoint",
    "github.com/go-kit/kit/log",
    "github.com/go-kit/kit/metrics",
    "github.com/go-kit/kit/metrics/prometheus",
    "github.com/go-kit/kit/transport/grpc",
    "github.com/go-kit/kit/transport/http",
    "github.com/go-zoo/bone",
    "github.com/golang/protobuf/proto",
    "github.com/golang/protobuf/ptypes/empty",
    "github.com/gorilla/websocket",
    "github.com/hyperledger/fabric-sdk-go/pkg/client/channel",
    "github.com/hyperledger/fabric-sdk-go/pkg/client/msp",
    "github.com/hyperledger/fabric-sdk-go/pkg/client/resmgmt",
    "github.com/hyperledger/fabric-sdk-go/pkg/common/errors/status",
    "github.com/hyperledger/fabric-sdk-go/pkg/common/providers/msp",
    "github.com/hyperledger/fabric-sdk-go/pkg/core/config",
    "github.com/hyperledger/fabric-sdk-go/pkg/fabsdk",
    "github.com/hyperledger/fabric/common/util",
    "github.com/hyperledger/fabric/core/chaincode/shim",
    "github.com/hyperledger/fabric/msp",
    "github.com/hyperledger/fabric/protos/msp",
    "github.com/hyperledger/fabric/protos/peer",
    "github.com/jmoiron/sqlx",
    "github.com/lib/pq",
    "github.com/ory/dockertest",
    "github.com/prometheus/client_golang/prometheus",
    "github.com/prometheus/client_golang/prometheus/promhttp",
    "github.com/rubenv/sql-migrate",
    "github.com/satori/go.uuid",
    "github.com/stretchr/testify/assert",
    "github.com/stretchr/testify/require",
    "golang.org/x/crypto/bcrypt",
    "google.golang.org/api/googleapi",
    "google.golang.org/grpc",
    "google.golang.org/grpc/codes",
    "google.golang.org/grpc/status",
    "gopkg.in/mgo.v2",
    "gopkg.in/mgo.v2/bson",
  ]
  solver-name = "gps-cdcl"
  solver-version = 1
